
Microsoft Visual Studio Solution File, Format Version 12.00
# Visual Studio Version 16
VisualStudioVersion = 16.0.31129.286
MinimumVisualStudioVersion = 10.0.40219.1
Project("{FAE04EC0-301F-11D3-BF4B-00C04F79EFBC}") = "WCF_Library_Redux", "WCF_Library_Redux\WCF_Library_Redux.csproj", "{B75CA242-914F-4353-B589-9663233236A3}"
EndProject
Global
	GlobalSection(SolutionConfigurationPlatforms) = preSolution
		Debug|Any CPU = Debug|Any CPU
		Release|Any CPU = Release|Any CPU
	EndGlobalSection
	GlobalSection(ProjectConfigurationPlatforms) = postSolution
		{B75CA242-914F-4353-B589-9663233236A3}.Debug|Any CPU.ActiveCfg = Debug|Any CPU
		{B75CA242-914F-4353-B589-9663233236A3}.Debug|Any CPU.Build.0 = Debug|Any CPU
		{B75CA242-914F-4353-B589-9663233236A3}.Release|Any CPU.ActiveCfg = Release|Any CPU
		{B75CA242-914F-4353-B589-9663233236A3}.Release|Any CPU.Build.0 = Release|Any CPU
	EndGlobalSection
	GlobalSection(SolutionProperties) = preSolution
		HideSolutionNode = FALSE
	EndGlobalSection
	GlobalSection(ExtensibilityGlobals) = postSolution
		SolutionGuid = {E54F7152-B56B-4B03-ACA3-DF2D85EFC033}
	EndGlobalSection
EndGlobal
